// !$*UTF8*$!
{
	archiveVersion = 1;
	classes = {
	};
	objectVersion = 48;
	objects = {

/* Begin PBXBuildFile section */
		82F043E7ED1EF3D545507210 /* libPods-DevStat.a in Frameworks */ = {isa = PBXBuildFile; fileRef = 77F22D9576F3625B84F9B776 /* libPods-DevStat.a */; };
		D97E738F1B9DC72B006015E8 /* CoreMotion.framework in Frameworks */ = {isa = PBXBuildFile; fileRef = D97E738E1B9DC72B006015E8 /* CoreMotion.framework */; };
		EC0D13E51B9DC8B900E70747 /* CustomTabBarController.m in Sources */ = {isa = PBXBuildFile; fileRef = EC0D13E41B9DC8B900E70747 /* CustomTabBarController.m */; };
		EC3837851B9DD67A00EBD40F /* MessageUI.framework in Frameworks */ = {isa = PBXBuildFile; fileRef = EC3837841B9DD67A00EBD40F /* MessageUI.framework */; };
		EC735A611CA17B8300D59481 /* Constants.swift in Sources */ = {isa = PBXBuildFile; fileRef = EC735A601CA17B8300D59481 /* Constants.swift */; };
		EC955D341B8CA3E700D33FD2 /* main.m in Sources */ = {isa = PBXBuildFile; fileRef = EC955D331B8CA3E700D33FD2 /* main.m */; };
		EC955D371B8CA3E700D33FD2 /* AppDelegate.m in Sources */ = {isa = PBXBuildFile; fileRef = EC955D361B8CA3E700D33FD2 /* AppDelegate.m */; };
		EC955D401B8CA3E700D33FD2 /* Main.storyboard in Resources */ = {isa = PBXBuildFile; fileRef = EC955D3E1B8CA3E700D33FD2 /* Main.storyboard */; };
		EC955D421B8CA3E700D33FD2 /* Images.xcassets in Resources */ = {isa = PBXBuildFile; fileRef = EC955D411B8CA3E700D33FD2 /* Images.xcassets */; };
		EC955D451B8CA3E700D33FD2 /* LaunchScreen.xib in Resources */ = {isa = PBXBuildFile; fileRef = EC955D431B8CA3E700D33FD2 /* LaunchScreen.xib */; };
		EC955D511B8CA3E700D33FD2 /* DevStatTests.m in Sources */ = {isa = PBXBuildFile; fileRef = EC955D501B8CA3E700D33FD2 /* DevStatTests.m */; };
		EC955D5C1B8CA47700D33FD2 /* HardwareStatisticsTableViewController.m in Sources */ = {isa = PBXBuildFile; fileRef = EC955D5B1B8CA47700D33FD2 /* HardwareStatisticsTableViewController.m */; };
		EC955D5F1B8CA48C00D33FD2 /* SoftwareStatisticsTableViewController.m in Sources */ = {isa = PBXBuildFile; fileRef = EC955D5E1B8CA48C00D33FD2 /* SoftwareStatisticsTableViewController.m */; };
		EC955D641B8CA55B00D33FD2 /* StatItem.m in Sources */ = {isa = PBXBuildFile; fileRef = EC955D631B8CA55B00D33FD2 /* StatItem.m */; };
		EC955D681B8CA5E600D33FD2 /* StatisticsHelper.m in Sources */ = {isa = PBXBuildFile; fileRef = EC955D671B8CA5E600D33FD2 /* StatisticsHelper.m */; };
		EC955D6B1B8CABDF00D33FD2 /* AbstractStatisticsTableViewController.m in Sources */ = {isa = PBXBuildFile; fileRef = EC955D6A1B8CABDF00D33FD2 /* AbstractStatisticsTableViewController.m */; };
		ECCB665D1B8F40E200E14970 /* CoreLocation.framework in Frameworks */ = {isa = PBXBuildFile; fileRef = ECCB665C1B8F40E200E14970 /* CoreLocation.framework */; };
		ECCB665F1B8F428300E14970 /* CoreBluetooth.framework in Frameworks */ = {isa = PBXBuildFile; fileRef = ECCB665E1B8F428300E14970 /* CoreBluetooth.framework */; };
/* End PBXBuildFile section */

/* Begin PBXContainerItemProxy section */
		EC955D4B1B8CA3E700D33FD2 /* PBXContainerItemProxy */ = {
			isa = PBXContainerItemProxy;
			containerPortal = EC955D261B8CA3E700D33FD2 /* Project object */;
			proxyType = 1;
			remoteGlobalIDString = EC955D2D1B8CA3E700D33FD2;
			remoteInfo = DevStat;
		};
/* End PBXContainerItemProxy section */

/* Begin PBXFileReference section */
		6B8E1933C387455EDF0A87C9 /* Pods-DevStat.release.xcconfig */ = {isa = PBXFileReference; includeInIndex = 1; lastKnownFileType = text.xcconfig; name = "Pods-DevStat.release.xcconfig"; path = "Pods/Target Support Files/Pods-DevStat/Pods-DevStat.release.xcconfig"; sourceTree = "<group>"; };
		77F22D9576F3625B84F9B776 /* libPods-DevStat.a */ = {isa = PBXFileReference; explicitFileType = archive.ar; includeInIndex = 0; path = "libPods-DevStat.a"; sourceTree = BUILT_PRODUCTS_DIR; };
		B14423CE81A73FF1B7FAB800 /* Pods-DevStat.debug.xcconfig */ = {isa = PBXFileReference; includeInIndex = 1; lastKnownFileType = text.xcconfig; name = "Pods-DevStat.debug.xcconfig"; path = "Pods/Target Support Files/Pods-DevStat/Pods-DevStat.debug.xcconfig"; sourceTree = "<group>"; };
		D97E738E1B9DC72B006015E8 /* CoreMotion.framework */ = {isa = PBXFileReference; lastKnownFileType = wrapper.framework; name = CoreMotion.framework; path = System/Library/Frameworks/CoreMotion.framework; sourceTree = SDKROOT; };
		EC0D13E31B9DC8B900E70747 /* CustomTabBarController.h */ = {isa = PBXFileReference; fileEncoding = 4; lastKnownFileType = sourcecode.c.h; path = CustomTabBarController.h; sourceTree = "<group>"; };
		EC0D13E41B9DC8B900E70747 /* CustomTabBarController.m */ = {isa = PBXFileReference; fileEncoding = 4; lastKnownFileType = sourcecode.c.objc; path = CustomTabBarController.m; sourceTree = "<group>"; };
		EC2F5D0E1B8F0D20003790F1 /* SystemConfiguration.framework */ = {isa = PBXFileReference; lastKnownFileType = wrapper.framework; name = SystemConfiguration.framework; path = System/Library/Frameworks/SystemConfiguration.framework; sourceTree = SDKROOT; };
		EC3837841B9DD67A00EBD40F /* MessageUI.framework */ = {isa = PBXFileReference; lastKnownFileType = wrapper.framework; name = MessageUI.framework; path = System/Library/Frameworks/MessageUI.framework; sourceTree = SDKROOT; };
		EC735A5F1CA17B8300D59481 /* DevStat-Bridging-Header.h */ = {isa = PBXFileReference; lastKnownFileType = sourcecode.c.h; path = "DevStat-Bridging-Header.h"; sourceTree = "<group>"; };
		EC735A601CA17B8300D59481 /* Constants.swift */ = {isa = PBXFileReference; fileEncoding = 4; lastKnownFileType = sourcecode.swift; path = Constants.swift; sourceTree = "<group>"; };
		EC955D2E1B8CA3E700D33FD2 /* DevStat.app */ = {isa = PBXFileReference; explicitFileType = wrapper.application; includeInIndex = 0; path = DevStat.app; sourceTree = BUILT_PRODUCTS_DIR; };
		EC955D321B8CA3E700D33FD2 /* Info.plist */ = {isa = PBXFileReference; lastKnownFileType = text.plist.xml; path = Info.plist; sourceTree = "<group>"; };
		EC955D331B8CA3E700D33FD2 /* main.m */ = {isa = PBXFileReference; lastKnownFileType = sourcecode.c.objc; path = main.m; sourceTree = "<group>"; };
		EC955D351B8CA3E700D33FD2 /* AppDelegate.h */ = {isa = PBXFileReference; lastKnownFileType = sourcecode.c.h; path = AppDelegate.h; sourceTree = "<group>"; };
		EC955D361B8CA3E700D33FD2 /* AppDelegate.m */ = {isa = PBXFileReference; lastKnownFileType = sourcecode.c.objc; path = AppDelegate.m; sourceTree = "<group>"; };
		EC955D3F1B8CA3E700D33FD2 /* Base */ = {isa = PBXFileReference; lastKnownFileType = file.storyboard; name = Base; path = Base.lproj/Main.storyboard; sourceTree = "<group>"; };
		EC955D411B8CA3E700D33FD2 /* Images.xcassets */ = {isa = PBXFileReference; lastKnownFileType = folder.assetcatalog; path = Images.xcassets; sourceTree = "<group>"; };
		EC955D441B8CA3E700D33FD2 /* Base */ = {isa = PBXFileReference; lastKnownFileType = file.xib; name = Base; path = Base.lproj/LaunchScreen.xib; sourceTree = "<group>"; };
		EC955D4A1B8CA3E700D33FD2 /* DevStatTests.xctest */ = {isa = PBXFileReference; explicitFileType = wrapper.cfbundle; includeInIndex = 0; path = DevStatTests.xctest; sourceTree = BUILT_PRODUCTS_DIR; };
		EC955D4F1B8CA3E700D33FD2 /* Info.plist */ = {isa = PBXFileReference; lastKnownFileType = text.plist.xml; path = Info.plist; sourceTree = "<group>"; };
		EC955D501B8CA3E700D33FD2 /* DevStatTests.m */ = {isa = PBXFileReference; lastKnownFileType = sourcecode.c.objc; path = DevStatTests.m; sourceTree = "<group>"; };
		EC955D5A1B8CA47700D33FD2 /* HardwareStatisticsTableViewController.h */ = {isa = PBXFileReference; fileEncoding = 4; lastKnownFileType = sourcecode.c.h; path = HardwareStatisticsTableViewController.h; sourceTree = "<group>"; };
		EC955D5B1B8CA47700D33FD2 /* HardwareStatisticsTableViewController.m */ = {isa = PBXFileReference; fileEncoding = 4; lastKnownFileType = sourcecode.c.objc; path = HardwareStatisticsTableViewController.m; sourceTree = "<group>"; };
		EC955D5D1B8CA48C00D33FD2 /* SoftwareStatisticsTableViewController.h */ = {isa = PBXFileReference; fileEncoding = 4; lastKnownFileType = sourcecode.c.h; path = SoftwareStatisticsTableViewController.h; sourceTree = "<group>"; };
		EC955D5E1B8CA48C00D33FD2 /* SoftwareStatisticsTableViewController.m */ = {isa = PBXFileReference; fileEncoding = 4; lastKnownFileType = sourcecode.c.objc; path = SoftwareStatisticsTableViewController.m; sourceTree = "<group>"; };
		EC955D621B8CA55B00D33FD2 /* StatItem.h */ = {isa = PBXFileReference; fileEncoding = 4; lastKnownFileType = sourcecode.c.h; path = StatItem.h; sourceTree = "<group>"; };
		EC955D631B8CA55B00D33FD2 /* StatItem.m */ = {isa = PBXFileReference; fileEncoding = 4; lastKnownFileType = sourcecode.c.objc; path = StatItem.m; sourceTree = "<group>"; };
		EC955D661B8CA5E600D33FD2 /* StatisticsHelper.h */ = {isa = PBXFileReference; fileEncoding = 4; lastKnownFileType = sourcecode.c.h; path = StatisticsHelper.h; sourceTree = "<group>"; };
		EC955D671B8CA5E600D33FD2 /* StatisticsHelper.m */ = {isa = PBXFileReference; fileEncoding = 4; lastKnownFileType = sourcecode.c.objc; path = StatisticsHelper.m; sourceTree = "<group>"; };
		EC955D691B8CABDF00D33FD2 /* AbstractStatisticsTableViewController.h */ = {isa = PBXFileReference; fileEncoding = 4; lastKnownFileType = sourcecode.c.h; path = AbstractStatisticsTableViewController.h; sourceTree = "<group>"; };
		EC955D6A1B8CABDF00D33FD2 /* AbstractStatisticsTableViewController.m */ = {isa = PBXFileReference; fileEncoding = 4; lastKnownFileType = sourcecode.c.objc; path = AbstractStatisticsTableViewController.m; sourceTree = "<group>"; };
		ECCB665C1B8F40E200E14970 /* CoreLocation.framework */ = {isa = PBXFileReference; lastKnownFileType = wrapper.framework; name = CoreLocation.framework; path = System/Library/Frameworks/CoreLocation.framework; sourceTree = SDKROOT; };
		ECCB665E1B8F428300E14970 /* CoreBluetooth.framework */ = {isa = PBXFileReference; lastKnownFileType = wrapper.framework; name = CoreBluetooth.framework; path = System/Library/Frameworks/CoreBluetooth.framework; sourceTree = SDKROOT; };
/* End PBXFileReference section */

/* Begin PBXFrameworksBuildPhase section */
		EC955D2B1B8CA3E700D33FD2 /* Frameworks */ = {
			isa = PBXFrameworksBuildPhase;
			buildActionMask = 2147483647;
			files = (
				EC3837851B9DD67A00EBD40F /* MessageUI.framework in Frameworks */,
				D97E738F1B9DC72B006015E8 /* CoreMotion.framework in Frameworks */,
				ECCB665F1B8F428300E14970 /* CoreBluetooth.framework in Frameworks */,
				ECCB665D1B8F40E200E14970 /* CoreLocation.framework in Frameworks */,
				82F043E7ED1EF3D545507210 /* libPods-DevStat.a in Frameworks */,
			);
			runOnlyForDeploymentPostprocessing = 0;
		};
		EC955D471B8CA3E700D33FD2 /* Frameworks */ = {
			isa = PBXFrameworksBuildPhase;
			buildActionMask = 2147483647;
			files = (
			);
			runOnlyForDeploymentPostprocessing = 0;
		};
/* End PBXFrameworksBuildPhase section */

/* Begin PBXGroup section */
		B23398F93FB78FA56264D040 /* Frameworks */ = {
			isa = PBXGroup;
			children = (
				EC3837841B9DD67A00EBD40F /* MessageUI.framework */,
				D97E738E1B9DC72B006015E8 /* CoreMotion.framework */,
				ECCB665E1B8F428300E14970 /* CoreBluetooth.framework */,
				ECCB665C1B8F40E200E14970 /* CoreLocation.framework */,
				EC2F5D0E1B8F0D20003790F1 /* SystemConfiguration.framework */,
				77F22D9576F3625B84F9B776 /* libPods-DevStat.a */,
			);
			name = Frameworks;
			sourceTree = "<group>";
		};
		E42B32517C3566F4E343F4E8 /* Pods */ = {
			isa = PBXGroup;
			children = (
				B14423CE81A73FF1B7FAB800 /* Pods-DevStat.debug.xcconfig */,
				6B8E1933C387455EDF0A87C9 /* Pods-DevStat.release.xcconfig */,
			);
			name = Pods;
			sourceTree = "<group>";
		};
		EC955D251B8CA3E700D33FD2 = {
			isa = PBXGroup;
			children = (
				EC955D301B8CA3E700D33FD2 /* DevStat */,
				EC955D4D1B8CA3E700D33FD2 /* DevStatTests */,
				EC955D2F1B8CA3E700D33FD2 /* Products */,
				B23398F93FB78FA56264D040 /* Frameworks */,
				E42B32517C3566F4E343F4E8 /* Pods */,
			);
			sourceTree = "<group>";
		};
		EC955D2F1B8CA3E700D33FD2 /* Products */ = {
			isa = PBXGroup;
			children = (
				EC955D2E1B8CA3E700D33FD2 /* DevStat.app */,
				EC955D4A1B8CA3E700D33FD2 /* DevStatTests.xctest */,
			);
			name = Products;
			sourceTree = "<group>";
		};
		EC955D301B8CA3E700D33FD2 /* DevStat */ = {
			isa = PBXGroup;
			children = (
				EC955D651B8CA5CF00D33FD2 /* Helpers */,
				EC955D611B8CA53400D33FD2 /* View Controllers */,
				EC955D601B8CA52B00D33FD2 /* Models */,
				EC955D351B8CA3E700D33FD2 /* AppDelegate.h */,
				EC955D361B8CA3E700D33FD2 /* AppDelegate.m */,
				EC955D3E1B8CA3E700D33FD2 /* Main.storyboard */,
				EC955D411B8CA3E700D33FD2 /* Images.xcassets */,
				EC955D431B8CA3E700D33FD2 /* LaunchScreen.xib */,
				EC955D311B8CA3E700D33FD2 /* Supporting Files */,
				EC735A601CA17B8300D59481 /* Constants.swift */,
				EC735A5F1CA17B8300D59481 /* DevStat-Bridging-Header.h */,
			);
			path = DevStat;
			sourceTree = "<group>";
		};
		EC955D311B8CA3E700D33FD2 /* Supporting Files */ = {
			isa = PBXGroup;
			children = (
				EC955D321B8CA3E700D33FD2 /* Info.plist */,
				EC955D331B8CA3E700D33FD2 /* main.m */,
			);
			name = "Supporting Files";
			sourceTree = "<group>";
		};
		EC955D4D1B8CA3E700D33FD2 /* DevStatTests */ = {
			isa = PBXGroup;
			children = (
				EC955D501B8CA3E700D33FD2 /* DevStatTests.m */,
				EC955D4E1B8CA3E700D33FD2 /* Supporting Files */,
			);
			path = DevStatTests;
			sourceTree = "<group>";
		};
		EC955D4E1B8CA3E700D33FD2 /* Supporting Files */ = {
			isa = PBXGroup;
			children = (
				EC955D4F1B8CA3E700D33FD2 /* Info.plist */,
			);
			name = "Supporting Files";
			sourceTree = "<group>";
		};
		EC955D601B8CA52B00D33FD2 /* Models */ = {
			isa = PBXGroup;
			children = (
				EC955D621B8CA55B00D33FD2 /* StatItem.h */,
				EC955D631B8CA55B00D33FD2 /* StatItem.m */,
			);
			name = Models;
			sourceTree = "<group>";
		};
		EC955D611B8CA53400D33FD2 /* View Controllers */ = {
			isa = PBXGroup;
			children = (
				EC955D5A1B8CA47700D33FD2 /* HardwareStatisticsTableViewController.h */,
				EC955D5B1B8CA47700D33FD2 /* HardwareStatisticsTableViewController.m */,
				EC955D5D1B8CA48C00D33FD2 /* SoftwareStatisticsTableViewController.h */,
				EC955D5E1B8CA48C00D33FD2 /* SoftwareStatisticsTableViewController.m */,
				EC955D691B8CABDF00D33FD2 /* AbstractStatisticsTableViewController.h */,
				EC955D6A1B8CABDF00D33FD2 /* AbstractStatisticsTableViewController.m */,
				EC0D13E31B9DC8B900E70747 /* CustomTabBarController.h */,
				EC0D13E41B9DC8B900E70747 /* CustomTabBarController.m */,
			);
			name = "View Controllers";
			sourceTree = "<group>";
		};
		EC955D651B8CA5CF00D33FD2 /* Helpers */ = {
			isa = PBXGroup;
			children = (
				EC955D661B8CA5E600D33FD2 /* StatisticsHelper.h */,
				EC955D671B8CA5E600D33FD2 /* StatisticsHelper.m */,
			);
			name = Helpers;
			sourceTree = "<group>";
		};
/* End PBXGroup section */

/* Begin PBXNativeTarget section */
		EC955D2D1B8CA3E700D33FD2 /* DevStat */ = {
			isa = PBXNativeTarget;
			buildConfigurationList = EC955D541B8CA3E700D33FD2 /* Build configuration list for PBXNativeTarget "DevStat" */;
			buildPhases = (
				944579C06F41447210C0C2E4 /* [CP] Check Pods Manifest.lock */,
				EC955D2A1B8CA3E700D33FD2 /* Sources */,
				EC955D2B1B8CA3E700D33FD2 /* Frameworks */,
				EC955D2C1B8CA3E700D33FD2 /* Resources */,
				3C3C679F4F59BE9EBCBF3D17 /* [CP] Embed Pods Frameworks */,
				4B5325745EB81223CE78741C /* [CP] Copy Pods Resources */,
			);
			buildRules = (
			);
			dependencies = (
			);
			name = DevStat;
			productName = DevStat;
			productReference = EC955D2E1B8CA3E700D33FD2 /* DevStat.app */;
			productType = "com.apple.product-type.application";
		};
		EC955D491B8CA3E700D33FD2 /* DevStatTests */ = {
			isa = PBXNativeTarget;
			buildConfigurationList = EC955D571B8CA3E700D33FD2 /* Build configuration list for PBXNativeTarget "DevStatTests" */;
			buildPhases = (
				EC955D461B8CA3E700D33FD2 /* Sources */,
				EC955D471B8CA3E700D33FD2 /* Frameworks */,
				EC955D481B8CA3E700D33FD2 /* Resources */,
			);
			buildRules = (
			);
			dependencies = (
				EC955D4C1B8CA3E700D33FD2 /* PBXTargetDependency */,
			);
			name = DevStatTests;
			productName = DevStatTests;
			productReference = EC955D4A1B8CA3E700D33FD2 /* DevStatTests.xctest */;
			productType = "com.apple.product-type.bundle.unit-test";
		};
/* End PBXNativeTarget section */

/* Begin PBXProject section */
		EC955D261B8CA3E700D33FD2 /* Project object */ = {
			isa = PBXProject;
			attributes = {
				LastSwiftUpdateCheck = 0730;
				LastUpgradeCheck = 0900;
				ORGANIZATIONNAME = "Ian Field";
				TargetAttributes = {
					EC955D2D1B8CA3E700D33FD2 = {
						CreatedOnToolsVersion = 6.4;
						DevelopmentTeam = HT78U6B7B4;
						LastSwiftMigration = 0900;
					};
					EC955D491B8CA3E700D33FD2 = {
						CreatedOnToolsVersion = 6.4;
						LastSwiftMigration = 0800;
						TestTargetID = EC955D2D1B8CA3E700D33FD2;
					};
				};
			};
			buildConfigurationList = EC955D291B8CA3E700D33FD2 /* Build configuration list for PBXProject "DevStat" */;
			compatibilityVersion = "Xcode 8.0";
			developmentRegion = English;
			hasScannedForEncodings = 0;
			knownRegions = (
				en,
				Base,
			);
			mainGroup = EC955D251B8CA3E700D33FD2;
			productRefGroup = EC955D2F1B8CA3E700D33FD2 /* Products */;
			projectDirPath = "";
			projectRoot = "";
			targets = (
				EC955D2D1B8CA3E700D33FD2 /* DevStat */,
				EC955D491B8CA3E700D33FD2 /* DevStatTests */,
			);
		};
/* End PBXProject section */

/* Begin PBXResourcesBuildPhase section */
		EC955D2C1B8CA3E700D33FD2 /* Resources */ = {
			isa = PBXResourcesBuildPhase;
			buildActionMask = 2147483647;
			files = (
				EC955D401B8CA3E700D33FD2 /* Main.storyboard in Resources */,
				EC955D451B8CA3E700D33FD2 /* LaunchScreen.xib in Resources */,
				EC955D421B8CA3E700D33FD2 /* Images.xcassets in Resources */,
			);
			runOnlyForDeploymentPostprocessing = 0;
		};
		EC955D481B8CA3E700D33FD2 /* Resources */ = {
			isa = PBXResourcesBuildPhase;
			buildActionMask = 2147483647;
			files = (
			);
			runOnlyForDeploymentPostprocessing = 0;
		};
/* End PBXResourcesBuildPhase section */

/* Begin PBXShellScriptBuildPhase section */
		3C3C679F4F59BE9EBCBF3D17 /* [CP] Embed Pods Frameworks */ = {
			isa = PBXShellScriptBuildPhase;
			buildActionMask = 2147483647;
			files = (
			);
			inputPaths = (
			);
			name = "[CP] Embed Pods Frameworks";
			outputPaths = (
			);
			runOnlyForDeploymentPostprocessing = 0;
			shellPath = /bin/sh;
			shellScript = "\"${SRCROOT}/Pods/Target Support Files/Pods-DevStat/Pods-DevStat-frameworks.sh\"\n";
			showEnvVarsInLog = 0;
		};
		4B5325745EB81223CE78741C /* [CP] Copy Pods Resources */ = {
			isa = PBXShellScriptBuildPhase;
			buildActionMask = 2147483647;
			files = (
			);
			inputPaths = (
				"${SRCROOT}/Pods/Target Support Files/Pods-DevStat/Pods-DevStat-resources.sh",
				"${PODS_ROOT}/MNFloatingActionButton/MNFloatingActionButton/Resources/plus.png",
				"${PODS_ROOT}/MNFloatingActionButton/MNFloatingActionButton/Resources/plus@2x.png",
				"${PODS_ROOT}/MNFloatingActionButton/MNFloatingActionButton/Resources/plus@3x.png",
			);
			name = "[CP] Copy Pods Resources";
			outputPaths = (
				"${TARGET_BUILD_DIR}/${UNLOCALIZED_RESOURCES_FOLDER_PATH}",
			);
			runOnlyForDeploymentPostprocessing = 0;
			shellPath = /bin/sh;
			shellScript = "\"${SRCROOT}/Pods/Target Support Files/Pods-DevStat/Pods-DevStat-resources.sh\"\n";
			showEnvVarsInLog = 0;
		};
		944579C06F41447210C0C2E4 /* [CP] Check Pods Manifest.lock */ = {
			isa = PBXShellScriptBuildPhase;
			buildActionMask = 2147483647;
			files = (
			);
			inputPaths = (
				"${PODS_PODFILE_DIR_PATH}/Podfile.lock",
				"${PODS_ROOT}/Manifest.lock",
			);
			name = "[CP] Check Pods Manifest.lock";
			outputPaths = (
				"$(DERIVED_FILE_DIR)/Pods-DevStat-checkManifestLockResult.txt",
			);
			runOnlyForDeploymentPostprocessing = 0;
			shellPath = /bin/sh;
			shellScript = "diff \"${PODS_PODFILE_DIR_PATH}/Podfile.lock\" \"${PODS_ROOT}/Manifest.lock\" > /dev/null\nif [ $? != 0 ] ; then\n    # print error to STDERR\n    echo \"error: The sandbox is not in sync with the Podfile.lock. Run 'pod install' or update your CocoaPods installation.\" >&2\n    exit 1\nfi\n# This output is used by Xcode 'outputs' to avoid re-running this script phase.\necho \"SUCCESS\" > \"${SCRIPT_OUTPUT_FILE_0}\"\n";
			showEnvVarsInLog = 0;
		};
/* End PBXShellScriptBuildPhase section */

/* Begin PBXSourcesBuildPhase section */
		EC955D2A1B8CA3E700D33FD2 /* Sources */ = {
			isa = PBXSourcesBuildPhase;
			buildActionMask = 2147483647;
			files = (
				EC955D5C1B8CA47700D33FD2 /* HardwareStatisticsTableViewController.m in Sources */,
				EC955D371B8CA3E700D33FD2 /* AppDelegate.m in Sources */,
				EC955D681B8CA5E600D33FD2 /* StatisticsHelper.m in Sources */,
				EC955D341B8CA3E700D33FD2 /* main.m in Sources */,
				EC955D6B1B8CABDF00D33FD2 /* AbstractStatisticsTableViewController.m in Sources */,
				EC955D641B8CA55B00D33FD2 /* StatItem.m in Sources */,
				EC0D13E51B9DC8B900E70747 /* CustomTabBarController.m in Sources */,
				EC955D5F1B8CA48C00D33FD2 /* SoftwareStatisticsTableViewController.m in Sources */,
				EC735A611CA17B8300D59481 /* Constants.swift in Sources */,
			);
			runOnlyForDeploymentPostprocessing = 0;
		};
		EC955D461B8CA3E700D33FD2 /* Sources */ = {
			isa = PBXSourcesBuildPhase;
			buildActionMask = 2147483647;
			files = (
				EC955D511B8CA3E700D33FD2 /* DevStatTests.m in Sources */,
			);
			runOnlyForDeploymentPostprocessing = 0;
		};
/* End PBXSourcesBuildPhase section */

/* Begin PBXTargetDependency section */
		EC955D4C1B8CA3E700D33FD2 /* PBXTargetDependency */ = {
			isa = PBXTargetDependency;
			target = EC955D2D1B8CA3E700D33FD2 /* DevStat */;
			targetProxy = EC955D4B1B8CA3E700D33FD2 /* PBXContainerItemProxy */;
		};
/* End PBXTargetDependency section */

/* Begin PBXVariantGroup section */
		EC955D3E1B8CA3E700D33FD2 /* Main.storyboard */ = {
			isa = PBXVariantGroup;
			children = (
				EC955D3F1B8CA3E700D33FD2 /* Base */,
			);
			name = Main.storyboard;
			sourceTree = "<group>";
		};
		EC955D431B8CA3E700D33FD2 /* LaunchScreen.xib */ = {
			isa = PBXVariantGroup;
			children = (
				EC955D441B8CA3E700D33FD2 /* Base */,
			);
			name = LaunchScreen.xib;
			sourceTree = "<group>";
		};
/* End PBXVariantGroup section */

/* Begin XCBuildConfiguration section */
		EC955D521B8CA3E700D33FD2 /* Debug */ = {
			isa = XCBuildConfiguration;
			buildSettings = {
				ALWAYS_SEARCH_USER_PATHS = NO;
				CLANG_CXX_LANGUAGE_STANDARD = "gnu++0x";
				CLANG_CXX_LIBRARY = "libc++";
				CLANG_ENABLE_MODULES = YES;
				CLANG_ENABLE_OBJC_ARC = YES;
				CLANG_WARN_BLOCK_CAPTURE_AUTORELEASING = YES;
				CLANG_WARN_BOOL_CONVERSION = YES;
				CLANG_WARN_COMMA = YES;
				CLANG_WARN_CONSTANT_CONVERSION = YES;
				CLANG_WARN_DIRECT_OBJC_ISA_USAGE = YES_ERROR;
				CLANG_WARN_EMPTY_BODY = YES;
				CLANG_WARN_ENUM_CONVERSION = YES;
				CLANG_WARN_INFINITE_RECURSION = YES;
				CLANG_WARN_INT_CONVERSION = YES;
				CLANG_WARN_NON_LITERAL_NULL_CONVERSION = YES;
				CLANG_WARN_OBJC_LITERAL_CONVERSION = YES;
				CLANG_WARN_OBJC_ROOT_CLASS = YES_ERROR;
				CLANG_WARN_RANGE_LOOP_ANALYSIS = YES;
				CLANG_WARN_STRICT_PROTOTYPES = YES;
				CLANG_WARN_SUSPICIOUS_MOVE = YES;
				CLANG_WARN_UNREACHABLE_CODE = YES;
				CLANG_WARN__DUPLICATE_METHOD_MATCH = YES;
				"CODE_SIGN_IDENTITY[sdk=iphoneos*]" = "iPhone Developer";
				COPY_PHASE_STRIP = NO;
				DEBUG_INFORMATION_FORMAT = "dwarf-with-dsym";
				ENABLE_STRICT_OBJC_MSGSEND = YES;
				ENABLE_TESTABILITY = YES;
				GCC_C_LANGUAGE_STANDARD = gnu99;
				GCC_DYNAMIC_NO_PIC = NO;
				GCC_NO_COMMON_BLOCKS = YES;
				GCC_OPTIMIZATION_LEVEL = 0;
				GCC_PREPROCESSOR_DEFINITIONS = (
					"DEBUG=1",
					"$(inherited)",
				);
				GCC_SYMBOLS_PRIVATE_EXTERN = NO;
				GCC_WARN_64_TO_32_BIT_CONVERSION = YES;
				GCC_WARN_ABOUT_RETURN_TYPE = YES_ERROR;
				GCC_WARN_UNDECLARED_SELECTOR = YES;
				GCC_WARN_UNINITIALIZED_AUTOS = YES_AGGRESSIVE;
				GCC_WARN_UNUSED_FUNCTION = YES;
				GCC_WARN_UNUSED_VARIABLE = YES;
				IPHONEOS_DEPLOYMENT_TARGET = 11.0;
				MTL_ENABLE_DEBUG_INFO = YES;
				ONLY_ACTIVE_ARCH = YES;
				SDKROOT = iphoneos;
			};
			name = Debug;
		};
		EC955D531B8CA3E700D33FD2 /* Release */ = {
			isa = XCBuildConfiguration;
			buildSettings = {
				ALWAYS_SEARCH_USER_PATHS = NO;
				CLANG_CXX_LANGUAGE_STANDARD = "gnu++0x";
				CLANG_CXX_LIBRARY = "libc++";
				CLANG_ENABLE_MODULES = YES;
				CLANG_ENABLE_OBJC_ARC = YES;
				CLANG_WARN_BLOCK_CAPTURE_AUTORELEASING = YES;
				CLANG_WARN_BOOL_CONVERSION = YES;
				CLANG_WARN_COMMA = YES;
				CLANG_WARN_CONSTANT_CONVERSION = YES;
				CLANG_WARN_DIRECT_OBJC_ISA_USAGE = YES_ERROR;
				CLANG_WARN_EMPTY_BODY = YES;
				CLANG_WARN_ENUM_CONVERSION = YES;
				CLANG_WARN_INFINITE_RECURSION = YES;
				CLANG_WARN_INT_CONVERSION = YES;
				CLANG_WARN_NON_LITERAL_NULL_CONVERSION = YES;
				CLANG_WARN_OBJC_LITERAL_CONVERSION = YES;
				CLANG_WARN_OBJC_ROOT_CLASS = YES_ERROR;
				CLANG_WARN_RANGE_LOOP_ANALYSIS = YES;
				CLANG_WARN_STRICT_PROTOTYPES = YES;
				CLANG_WARN_SUSPICIOUS_MOVE = YES;
				CLANG_WARN_UNREACHABLE_CODE = YES;
				CLANG_WARN__DUPLICATE_METHOD_MATCH = YES;
				"CODE_SIGN_IDENTITY[sdk=iphoneos*]" = "iPhone Developer";
				COPY_PHASE_STRIP = NO;
				DEBUG_INFORMATION_FORMAT = "dwarf-with-dsym";
				ENABLE_NS_ASSERTIONS = NO;
				ENABLE_STRICT_OBJC_MSGSEND = YES;
				GCC_C_LANGUAGE_STANDARD = gnu99;
				GCC_NO_COMMON_BLOCKS = YES;
				GCC_WARN_64_TO_32_BIT_CONVERSION = YES;
				GCC_WARN_ABOUT_RETURN_TYPE = YES_ERROR;
				GCC_WARN_UNDECLARED_SELECTOR = YES;
				GCC_WARN_UNINITIALIZED_AUTOS = YES_AGGRESSIVE;
				GCC_WARN_UNUSED_FUNCTION = YES;
				GCC_WARN_UNUSED_VARIABLE = YES;
				IPHONEOS_DEPLOYMENT_TARGET = 11.0;
				MTL_ENABLE_DEBUG_INFO = NO;
				SDKROOT = iphoneos;
				SWIFT_OPTIMIZATION_LEVEL = "-Owholemodule";
				VALIDATE_PRODUCT = YES;
			};
			name = Release;
		};
		EC955D551B8CA3E700D33FD2 /* Debug */ = {
			isa = XCBuildConfiguration;
			baseConfigurationReference = B14423CE81A73FF1B7FAB800 /* Pods-DevStat.debug.xcconfig */;
			buildSettings = {
				ASSETCATALOG_COMPILER_APPICON_NAME = AppIcon;
				CLANG_ENABLE_MODULES = YES;
				DEVELOPMENT_TEAM = HT78U6B7B4;
				INFOPLIST_FILE = DevStat/Info.plist;
				IPHONEOS_DEPLOYMENT_TARGET = 11.0;
				LD_RUNPATH_SEARCH_PATHS = "$(inherited) @executable_path/Frameworks";
				PRODUCT_BUNDLE_IDENTIFIER = com.ianfield.DevStat;
				PRODUCT_NAME = "$(TARGET_NAME)";
				SWIFT_OBJC_BRIDGING_HEADER = "DevStat/DevStat-Bridging-Header.h";
				SWIFT_OPTIMIZATION_LEVEL = "-Onone";
				SWIFT_SWIFT3_OBJC_INFERENCE = Off;
				SWIFT_VERSION = 4.0;
			};
			name = Debug;
		};
		EC955D561B8CA3E700D33FD2 /* Release */ = {
			isa = XCBuildConfiguration;
			baseConfigurationReference = 6B8E1933C387455EDF0A87C9 /* Pods-DevStat.release.xcconfig */;
			buildSettings = {
				ASSETCATALOG_COMPILER_APPICON_NAME = AppIcon;
				CLANG_ENABLE_MODULES = YES;
				DEVELOPMENT_TEAM = HT78U6B7B4;
				INFOPLIST_FILE = DevStat/Info.plist;
				IPHONEOS_DEPLOYMENT_TARGET = 11.0;
				LD_RUNPATH_SEARCH_PATHS = "$(inherited) @executable_path/Frameworks";
				PRODUCT_BUNDLE_IDENTIFIER = com.ianfield.DevStat;
				PRODUCT_NAME = "$(TARGET_NAME)";
				SWIFT_OBJC_BRIDGING_HEADER = "DevStat/DevStat-Bridging-Header.h";
				SWIFT_SWIFT3_OBJC_INFERENCE = Off;
				SWIFT_VERSION = 4.0;
			};
			name = Release;
		};
		EC955D581B8CA3E700D33FD2 /* Debug */ = {
			isa = XCBuildConfiguration;
			buildSettings = {
				BUNDLE_LOADER = "$(TEST_HOST)";
				GCC_PREPROCESSOR_DEFINITIONS = (
					"DEBUG=1",
					"$(inherited)",
				);
				INFOPLIST_FILE = DevStatTests/Info.plist;
				LD_RUNPATH_SEARCH_PATHS = "$(inherited) @executable_path/Frameworks @loader_path/Frameworks";
				PRODUCT_BUNDLE_IDENTIFIER = "uk.co.ianfield.$(PRODUCT_NAME:rfc1034identifier)";
				PRODUCT_NAME = "$(TARGET_NAME)";
				SWIFT_VERSION = 3.0;
				TEST_HOST = "$(BUILT_PRODUCTS_DIR)/DevStat.app/DevStat";
			};
			name = Debug;
		};
		EC955D591B8CA3E700D33FD2 /* Release */ = {
			isa = XCBuildConfiguration;
			buildSettings = {
				BUNDLE_LOADER = "$(TEST_HOST)";
				INFOPLIST_FILE = DevStatTests/Info.plist;
				LD_RUNPATH_SEARCH_PATHS = "$(inherited) @executable_path/Frameworks @loader_path/Frameworks";
				PRODUCT_BUNDLE_IDENTIFIER = "uk.co.ianfield.$(PRODUCT_NAME:rfc1034identifier)";
				PRODUCT_NAME = "$(TARGET_NAME)";
				SWIFT_VERSION = 3.0;
				TEST_HOST = "$(BUILT_PRODUCTS_DIR)/DevStat.app/DevStat";
			};
			name = Release;
		};
/* End XCBuildConfiguration section */

/* Begin XCConfigurationList section */
		EC955D291B8CA3E700D33FD2 /* Build configuration list for PBXProject "DevStat" */ = {
			isa = XCConfigurationList;
			buildConfigurations = (
				EC955D521B8CA3E700D33FD2 /* Debug */,
				EC955D531B8CA3E700D33FD2 /* Release */,
			);
			defaultConfigurationIsVisible = 0;
			defaultConfigurationName = Release;
		};
		EC955D541B8CA3E700D33FD2 /* Build configuration list for PBXNativeTarget "DevStat" */ = {
			isa = XCConfigurationList;
			buildConfigurations = (
				EC955D551B8CA3E700D33FD2 /* Debug */,
				EC955D561B8CA3E700D33FD2 /* Release */,
			);
			defaultConfigurationIsVisible = 0;
			defaultConfigurationName = Release;
		};
		EC955D571B8CA3E700D33FD2 /* Build configuration list for PBXNativeTarget "DevStatTests" */ = {
			isa = XCConfigurationList;
			buildConfigurations = (
				EC955D581B8CA3E700D33FD2 /* Debug */,
				EC955D591B8CA3E700D33FD2 /* Release */,
			);
			defaultConfigurationIsVisible = 0;
			defaultConfigurationName = Release;
		};
/* End XCConfigurationList section */
	};
	rootObject = EC955D261B8CA3E700D33FD2 /* Project object */;
}
